
Microsoft Visual Studio Solution File, Format Version 12.00
Project("{2150E333-8FDC-42A3-9474-1A3956D46DE8}") = "1 - Domain", "1 - Domain", "{6C297C25-4487-4F44-99D0-E9933DDD4A1D}"
EndProject
Project("{2150E333-8FDC-42A3-9474-1A3956D46DE8}") = "3 - Application", "3 - Application", "{E1167394-5089-4FB9-89CA-E94BFE6212B9}"
EndProject
Project("{2150E333-8FDC-42A3-9474-1A3956D46DE8}") = "6 - Api", "6 - Api", "{D8D49625-09F3-472F-8C85-4BFD16FC373F}"
EndProject
Project("{FAE04EC0-301F-11D3-BF4B-00C04F79EFBC}") = "DeathStarTrafficManager.Api", "DeathStarTrafficManager.Api\DeathStarTrafficManager.Api.csproj", "{FA6EDF68-F3A3-45D9-82B9-4ACE4071D2DE}"
EndProject
Project("{FAE04EC0-301F-11D3-BF4B-00C04F79EFBC}") = "DeathStarTrafficManager.Application", "DeathStarTrafficManager.Application\DeathStarTrafficManager.Application.csproj", "{53BEEB8F-69C8-4D3F-84E5-0DF93490CC04}"
EndProject
Project("{FAE04EC0-301F-11D3-BF4B-00C04F79EFBC}") = "DeathStarTrafficManager.Domain", "DeathStarTrafficManager.Domain\DeathStarTrafficManager.Domain.csproj", "{E2CED45D-9B69-4929-A4BE-E1FF6AE4BA7D}"
EndProject
Project("{2150E333-8FDC-42A3-9474-1A3956D46DE8}") = "5 - Infrastructure", "5 - Infrastructure", "{9D36070D-E73F-4569-9795-05765B40E87F}"
EndProject
Project("{FAE04EC0-301F-11D3-BF4B-00C04F79EFBC}") = "DeathStarTrafficManager.Infrastructure", "DeathStarTrafficManager.Infrastructure\DeathStarTrafficManager.Infrastructure.csproj", "{2C693995-FEC8-43A5-A5A9-3CA8A913C5C9}"
EndProject
Project("{2150E333-8FDC-42A3-9474-1A3956D46DE8}") = "2 - Contracts", "2 - Contracts", "{C0E854A8-C2E7-462D-8568-3514A7714645}"
EndProject
Project("{2150E333-8FDC-42A3-9474-1A3956D46DE8}") = "4 - CrossCutting", "4 - CrossCutting", "{9FA45D60-C916-41BF-A205-9AD4938F8B21}"
EndProject
Project("{2150E333-8FDC-42A3-9474-1A3956D46DE8}") = "7 - Tests", "7 - Tests", "{6C9563A2-BA34-4281-A481-9B0B6FC5AFC3}"
EndProject
Project("{FAE04EC0-301F-11D3-BF4B-00C04F79EFBC}") = "DeathStarTrafficManager.Contracts", "DeathStarTrafficManager.Contracts\DeathStarTrafficManager.Contracts.csproj", "{F8579B09-05DD-4AAC-B3E9-A9342F425717}"
EndProject
Project("{FAE04EC0-301F-11D3-BF4B-00C04F79EFBC}") = "DeathStarTrafficManager.CrossCutting", "DeathStarTrafficManager.CrossCutting\DeathStarTrafficManager.CrossCutting.csproj", "{6BB3298D-F99E-4B02-A50A-67E96FA0125C}"
EndProject
Global
	GlobalSection(SolutionConfigurationPlatforms) = preSolution
		Debug|Any CPU = Debug|Any CPU
		Release|Any CPU = Release|Any CPU
	EndGlobalSection
	GlobalSection(NestedProjects) = preSolution
		{FA6EDF68-F3A3-45D9-82B9-4ACE4071D2DE} = {D8D49625-09F3-472F-8C85-4BFD16FC373F}
		{53BEEB8F-69C8-4D3F-84E5-0DF93490CC04} = {E1167394-5089-4FB9-89CA-E94BFE6212B9}
		{E2CED45D-9B69-4929-A4BE-E1FF6AE4BA7D} = {6C297C25-4487-4F44-99D0-E9933DDD4A1D}
		{2C693995-FEC8-43A5-A5A9-3CA8A913C5C9} = {9D36070D-E73F-4569-9795-05765B40E87F}
		{F8579B09-05DD-4AAC-B3E9-A9342F425717} = {C0E854A8-C2E7-462D-8568-3514A7714645}
		{6BB3298D-F99E-4B02-A50A-67E96FA0125C} = {9FA45D60-C916-41BF-A205-9AD4938F8B21}
	EndGlobalSection
	GlobalSection(ProjectConfigurationPlatforms) = postSolution
		{FA6EDF68-F3A3-45D9-82B9-4ACE4071D2DE}.Debug|Any CPU.ActiveCfg = Debug|Any CPU
		{FA6EDF68-F3A3-45D9-82B9-4ACE4071D2DE}.Debug|Any CPU.Build.0 = Debug|Any CPU
		{FA6EDF68-F3A3-45D9-82B9-4ACE4071D2DE}.Release|Any CPU.ActiveCfg = Release|Any CPU
		{FA6EDF68-F3A3-45D9-82B9-4ACE4071D2DE}.Release|Any CPU.Build.0 = Release|Any CPU
		{53BEEB8F-69C8-4D3F-84E5-0DF93490CC04}.Debug|Any CPU.ActiveCfg = Debug|Any CPU
		{53BEEB8F-69C8-4D3F-84E5-0DF93490CC04}.Debug|Any CPU.Build.0 = Debug|Any CPU
		{53BEEB8F-69C8-4D3F-84E5-0DF93490CC04}.Release|Any CPU.ActiveCfg = Release|Any CPU
		{53BEEB8F-69C8-4D3F-84E5-0DF93490CC04}.Release|Any CPU.Build.0 = Release|Any CPU
		{E2CED45D-9B69-4929-A4BE-E1FF6AE4BA7D}.Debug|Any CPU.ActiveCfg = Debug|Any CPU
		{E2CED45D-9B69-4929-A4BE-E1FF6AE4BA7D}.Debug|Any CPU.Build.0 = Debug|Any CPU
		{E2CED45D-9B69-4929-A4BE-E1FF6AE4BA7D}.Release|Any CPU.ActiveCfg = Release|Any CPU
		{E2CED45D-9B69-4929-A4BE-E1FF6AE4BA7D}.Release|Any CPU.Build.0 = Release|Any CPU
		{2C693995-FEC8-43A5-A5A9-3CA8A913C5C9}.Debug|Any CPU.ActiveCfg = Debug|Any CPU
		{2C693995-FEC8-43A5-A5A9-3CA8A913C5C9}.Debug|Any CPU.Build.0 = Debug|Any CPU
		{2C693995-FEC8-43A5-A5A9-3CA8A913C5C9}.Release|Any CPU.ActiveCfg = Release|Any CPU
		{2C693995-FEC8-43A5-A5A9-3CA8A913C5C9}.Release|Any CPU.Build.0 = Release|Any CPU
		{F8579B09-05DD-4AAC-B3E9-A9342F425717}.Debug|Any CPU.ActiveCfg = Debug|Any CPU
		{F8579B09-05DD-4AAC-B3E9-A9342F425717}.Debug|Any CPU.Build.0 = Debug|Any CPU
		{F8579B09-05DD-4AAC-B3E9-A9342F425717}.Release|Any CPU.ActiveCfg = Release|Any CPU
		{F8579B09-05DD-4AAC-B3E9-A9342F425717}.Release|Any CPU.Build.0 = Release|Any CPU
		{6BB3298D-F99E-4B02-A50A-67E96FA0125C}.Debug|Any CPU.ActiveCfg = Debug|Any CPU
		{6BB3298D-F99E-4B02-A50A-67E96FA0125C}.Debug|Any CPU.Build.0 = Debug|Any CPU
		{6BB3298D-F99E-4B02-A50A-67E96FA0125C}.Release|Any CPU.ActiveCfg = Release|Any CPU
		{6BB3298D-F99E-4B02-A50A-67E96FA0125C}.Release|Any CPU.Build.0 = Release|Any CPU
	EndGlobalSection
EndGlobal
